
Microsoft Visual Studio Solution File, Format Version 12.00
# Visual Studio Version 17
VisualStudioVersion = 17.8.34525.116
MinimumVisualStudioVersion = 10.0.40219.1
Project("{FAE04EC0-301F-11D3-BF4B-00C04F79EFBC}") = "Project_cumulative1", "Project_cumulative1\Project_cumulative1.csproj", "{DA3B797F-5215-43BC-B483-4D668537ECAB}"
EndProject
Global
	GlobalSection(SolutionConfigurationPlatforms) = preSolution
		Debug|Any CPU = Debug|Any CPU
		Release|Any CPU = Release|Any CPU
	EndGlobalSection
	GlobalSection(ProjectConfigurationPlatforms) = postSolution
		{DA3B797F-5215-43BC-B483-4D668537ECAB}.Debug|Any CPU.ActiveCfg = Debug|Any CPU
		{DA3B797F-5215-43BC-B483-4D668537ECAB}.Debug|Any CPU.Build.0 = Debug|Any CPU
		{DA3B797F-5215-43BC-B483-4D668537ECAB}.Release|Any CPU.ActiveCfg = Release|Any CPU
		{DA3B797F-5215-43BC-B483-4D668537ECAB}.Release|Any CPU.Build.0 = Release|Any CPU
	EndGlobalSection
	GlobalSection(SolutionProperties) = preSolution
		HideSolutionNode = FALSE
	EndGlobalSection
	GlobalSection(ExtensibilityGlobals) = postSolution
		SolutionGuid = {A5352794-CFE8-4D98-ADAB-D7BCFFD14FF2}
	EndGlobalSection
EndGlobal
