
Microsoft Visual Studio Solution File, Format Version 12.00
# Visual Studio Version 17
VisualStudioVersion = 17.8.34525.116
MinimumVisualStudioVersion = 10.0.40219.1
Project("{FAE04EC0-301F-11D3-BF4B-00C04F79EFBC}") = "Cumulative", "Cumulative\Cumulative.csproj", "{795E87DE-BC3F-4959-AC5F-98D7B3D28C57}"
EndProject
Global
	GlobalSection(SolutionConfigurationPlatforms) = preSolution
		Debug|Any CPU = Debug|Any CPU
		Release|Any CPU = Release|Any CPU
	EndGlobalSection
	GlobalSection(ProjectConfigurationPlatforms) = postSolution
		{795E87DE-BC3F-4959-AC5F-98D7B3D28C57}.Debug|Any CPU.ActiveCfg = Debug|Any CPU
		{795E87DE-BC3F-4959-AC5F-98D7B3D28C57}.Debug|Any CPU.Build.0 = Debug|Any CPU
		{795E87DE-BC3F-4959-AC5F-98D7B3D28C57}.Release|Any CPU.ActiveCfg = Release|Any CPU
		{795E87DE-BC3F-4959-AC5F-98D7B3D28C57}.Release|Any CPU.Build.0 = Release|Any CPU
	EndGlobalSection
	GlobalSection(SolutionProperties) = preSolution
		HideSolutionNode = FALSE
	EndGlobalSection
	GlobalSection(ExtensibilityGlobals) = postSolution
		SolutionGuid = {3038CC60-523E-49DB-AB4C-B5B9418360D3}
	EndGlobalSection
EndGlobal
